
Microsoft Visual Studio Solution File, Format Version 12.00
# Visual Studio Version 17
VisualStudioVersion = 17.5.33627.172
MinimumVisualStudioVersion = 10.0.40219.1
Project("{9A19103F-16F7-4668-BE54-9A1E7A4F7556}") = "alwaysinformed", "alwaysinformed\alwaysinformed.csproj", "{A5AD9F71-2701-4D5A-BAED-B856263785A3}"
EndProject
Project("{FAE04EC0-301F-11D3-BF4B-00C04F79EFBC}") = "alwaysinformed-dal", "alwaysinformed-dal\alwaysinformed-dal.csproj", "{B324EC4B-C898-436D-B9F3-C1EC2A18DAB7}"
EndProject
Project("{FAE04EC0-301F-11D3-BF4B-00C04F79EFBC}") = "alwaysinformed-bll", "alwaysinformed-bll\alwaysinformed-bll.csproj", "{47FBB3C1-965C-442F-84DF-76CE13C50F37}"
EndProject
Global
	GlobalSection(SolutionConfigurationPlatforms) = preSolution
		Debug|Any CPU = Debug|Any CPU
		Release|Any CPU = Release|Any CPU
	EndGlobalSection
	GlobalSection(ProjectConfigurationPlatforms) = postSolution
		{A5AD9F71-2701-4D5A-BAED-B856263785A3}.Debug|Any CPU.ActiveCfg = Debug|Any CPU
		{A5AD9F71-2701-4D5A-BAED-B856263785A3}.Debug|Any CPU.Build.0 = Debug|Any CPU
		{A5AD9F71-2701-4D5A-BAED-B856263785A3}.Release|Any CPU.ActiveCfg = Release|Any CPU
		{A5AD9F71-2701-4D5A-BAED-B856263785A3}.Release|Any CPU.Build.0 = Release|Any CPU
		{B324EC4B-C898-436D-B9F3-C1EC2A18DAB7}.Debug|Any CPU.ActiveCfg = Debug|Any CPU
		{B324EC4B-C898-436D-B9F3-C1EC2A18DAB7}.Debug|Any CPU.Build.0 = Debug|Any CPU
		{B324EC4B-C898-436D-B9F3-C1EC2A18DAB7}.Release|Any CPU.ActiveCfg = Release|Any CPU
		{B324EC4B-C898-436D-B9F3-C1EC2A18DAB7}.Release|Any CPU.Build.0 = Release|Any CPU
		{47FBB3C1-965C-442F-84DF-76CE13C50F37}.Debug|Any CPU.ActiveCfg = Debug|Any CPU
		{47FBB3C1-965C-442F-84DF-76CE13C50F37}.Debug|Any CPU.Build.0 = Debug|Any CPU
		{47FBB3C1-965C-442F-84DF-76CE13C50F37}.Release|Any CPU.ActiveCfg = Release|Any CPU
		{47FBB3C1-965C-442F-84DF-76CE13C50F37}.Release|Any CPU.Build.0 = Release|Any CPU
	EndGlobalSection
	GlobalSection(SolutionProperties) = preSolution
		HideSolutionNode = FALSE
	EndGlobalSection
	GlobalSection(ExtensibilityGlobals) = postSolution
		SolutionGuid = {7B6EFFCD-7385-405A-BC2C-E3CCD9E9B483}
	EndGlobalSection
EndGlobal
